
Microsoft Visual Studio Solution File, Format Version 12.00
# Visual Studio Version 17
VisualStudioVersion = 17.8.34309.116
MinimumVisualStudioVersion = 10.0.40219.1
Project("{FAE04EC0-301F-11D3-BF4B-00C04F79EFBC}") = "blazorrr", "blazorrr.csproj", "{D4CA1B0B-2CC6-4727-B37F-7B5A2D3BA4D2}"
EndProject
Global
	GlobalSection(SolutionConfigurationPlatforms) = preSolution
		Debug|Any CPU = Debug|Any CPU
		Release|Any CPU = Release|Any CPU
	EndGlobalSection
	GlobalSection(ProjectConfigurationPlatforms) = postSolution
		{D4CA1B0B-2CC6-4727-B37F-7B5A2D3BA4D2}.Debug|Any CPU.ActiveCfg = Debug|Any CPU
		{D4CA1B0B-2CC6-4727-B37F-7B5A2D3BA4D2}.Debug|Any CPU.Build.0 = Debug|Any CPU
		{D4CA1B0B-2CC6-4727-B37F-7B5A2D3BA4D2}.Release|Any CPU.ActiveCfg = Release|Any CPU
		{D4CA1B0B-2CC6-4727-B37F-7B5A2D3BA4D2}.Release|Any CPU.Build.0 = Release|Any CPU
	EndGlobalSection
	GlobalSection(SolutionProperties) = preSolution
		HideSolutionNode = FALSE
	EndGlobalSection
	GlobalSection(ExtensibilityGlobals) = postSolution
		SolutionGuid = {069FCA03-23A1-49D2-B725-4D0EA5C5A594}
	EndGlobalSection
EndGlobal
